
Microsoft Visual Studio Solution File, Format Version 12.00
# Visual Studio Version 16
VisualStudioVersion = 16.0.29728.190
MinimumVisualStudioVersion = 10.0.40219.1
Project("{FAE04EC0-301F-11D3-BF4B-00C04F79EFBC}") = "InventoryManger", "InventoryManger\InventoryManger.csproj", "{3C764B68-30D2-4EBD-9EAF-AF59AD3EEC30}"
EndProject
Global
	GlobalSection(SolutionConfigurationPlatforms) = preSolution
		Debug|Any CPU = Debug|Any CPU
		Release|Any CPU = Release|Any CPU
	EndGlobalSection
	GlobalSection(ProjectConfigurationPlatforms) = postSolution
		{3C764B68-30D2-4EBD-9EAF-AF59AD3EEC30}.Debug|Any CPU.ActiveCfg = Debug|Any CPU
		{3C764B68-30D2-4EBD-9EAF-AF59AD3EEC30}.Debug|Any CPU.Build.0 = Debug|Any CPU
		{3C764B68-30D2-4EBD-9EAF-AF59AD3EEC30}.Release|Any CPU.ActiveCfg = Release|Any CPU
		{3C764B68-30D2-4EBD-9EAF-AF59AD3EEC30}.Release|Any CPU.Build.0 = Release|Any CPU
	EndGlobalSection
	GlobalSection(SolutionProperties) = preSolution
		HideSolutionNode = FALSE
	EndGlobalSection
	GlobalSection(ExtensibilityGlobals) = postSolution
		SolutionGuid = {2B7A3BBF-CF26-4D9E-98A4-054DAC59D8AD}
	EndGlobalSection
EndGlobal
